
Microsoft Visual Studio Solution File, Format Version 12.00
# Visual Studio Version 17
VisualStudioVersion = 17.5.33516.290
MinimumVisualStudioVersion = 10.0.40219.1
Project("{FAE04EC0-301F-11D3-BF4B-00C04F79EFBC}") = "ConsoleMon", "ConsoleMon.csproj", "{FCBA20DD-8603-47A2-B27B-DC9F27DE93EE}"
EndProject
Global
	GlobalSection(SolutionConfigurationPlatforms) = preSolution
		Debug|Any CPU = Debug|Any CPU
		Release|Any CPU = Release|Any CPU
	EndGlobalSection
	GlobalSection(ProjectConfigurationPlatforms) = postSolution
		{FCBA20DD-8603-47A2-B27B-DC9F27DE93EE}.Debug|Any CPU.ActiveCfg = Debug|Any CPU
		{FCBA20DD-8603-47A2-B27B-DC9F27DE93EE}.Debug|Any CPU.Build.0 = Debug|Any CPU
		{FCBA20DD-8603-47A2-B27B-DC9F27DE93EE}.Release|Any CPU.ActiveCfg = Release|Any CPU
		{FCBA20DD-8603-47A2-B27B-DC9F27DE93EE}.Release|Any CPU.Build.0 = Release|Any CPU
	EndGlobalSection
	GlobalSection(SolutionProperties) = preSolution
		HideSolutionNode = FALSE
	EndGlobalSection
	GlobalSection(ExtensibilityGlobals) = postSolution
		SolutionGuid = {E3DBFA08-5CA2-4015-9DE6-E44336F2798D}
	EndGlobalSection
EndGlobal
